
Microsoft Visual Studio Solution File, Format Version 12.00
# Visual Studio Version 17
VisualStudioVersion = 17.6.33723.286
MinimumVisualStudioVersion = 10.0.40219.1
Project("{2150E333-8FDC-42A3-9474-1A3956D46DE8}") = "Core", "Core", "{94F5DA1E-64F9-4058-A344-F23F26341B25}"
EndProject
Project("{2150E333-8FDC-42A3-9474-1A3956D46DE8}") = "Infrastructure", "Infrastructure", "{35D326A3-A93B-41DD-BA96-DFBD9353EAA0}"
EndProject
Project("{2150E333-8FDC-42A3-9474-1A3956D46DE8}") = "Presentation", "Presentation", "{E3574D94-B96A-42DE-A95C-F2F767D97019}"
EndProject
Project("{9A19103F-16F7-4668-BE54-9A1E7A4F7556}") = "TMX.TaskService.Application", "TMX.Application\TMX.TaskService.Application.csproj", "{281CE14D-DCEF-494C-8446-601487FCEB51}"
EndProject
Project("{9A19103F-16F7-4668-BE54-9A1E7A4F7556}") = "TMX.TaskService.Domain", "TMX.Domain\TMX.TaskService.Domain.csproj", "{262B4577-15D9-4C07-A508-1D496EAE3733}"
EndProject
Project("{9A19103F-16F7-4668-BE54-9A1E7A4F7556}") = "TMX.TaskService.Persistence", "TMX.Persistence\TMX.TaskService.Persistence.csproj", "{AC619D72-18AE-4D5C-8ABF-940F96FD010C}"
EndProject
Project("{9A19103F-16F7-4668-BE54-9A1E7A4F7556}") = "TMX.TaskService.WebApi", "TMX.WebApi\TMX.TaskService.WebApi.csproj", "{4F40DEBA-E90C-42B9-BBD3-8B2F0CD26E0C}"
EndProject
Project("{2150E333-8FDC-42A3-9474-1A3956D46DE8}") = "TMX.TaskService", "TMX.TaskService", "{8DCAFBE2-8992-4058-A569-AA03F682D5BC}"
EndProject
Project("{2150E333-8FDC-42A3-9474-1A3956D46DE8}") = "Tests", "Tests", "{618ADB61-9A7B-440E-8C4A-73497B4191DA}"
EndProject
Project("{2150E333-8FDC-42A3-9474-1A3956D46DE8}") = "TMX.IdentityService", "TMX.IdentityService", "{704A0DAC-7BBF-455A-AFB7-BF6C9D76CD8E}"
EndProject
Project("{2150E333-8FDC-42A3-9474-1A3956D46DE8}") = "TMX.ContextLibrary", "TMX.ContextLibrary", "{6C840455-D23F-4970-B403-1BB214C215CF}"
EndProject
Project("{9A19103F-16F7-4668-BE54-9A1E7A4F7556}") = "TMX.ContextLibrary", "TMX.ContextLibrary\TMX.ContextLibrary.csproj", "{27EF3253-EF96-4F63-BCAE-6C38E1220D53}"
EndProject
Project("{9A19103F-16F7-4668-BE54-9A1E7A4F7556}") = "IdentityServer", "IdentityServer\IdentityServer.csproj", "{F0DC26A7-14D3-4946-909B-043AD1FFFE1B}"
EndProject
Project("{9A19103F-16F7-4668-BE54-9A1E7A4F7556}") = "TMX.Tests", "TMX.Tests\TMX.Tests.csproj", "{7B700CCD-47DA-4800-8B24-318944F61F14}"
EndProject
Global
	GlobalSection(SolutionConfigurationPlatforms) = preSolution
		Debug|Any CPU = Debug|Any CPU
		Release|Any CPU = Release|Any CPU
	EndGlobalSection
	GlobalSection(ProjectConfigurationPlatforms) = postSolution
		{281CE14D-DCEF-494C-8446-601487FCEB51}.Debug|Any CPU.ActiveCfg = Debug|Any CPU
		{281CE14D-DCEF-494C-8446-601487FCEB51}.Debug|Any CPU.Build.0 = Debug|Any CPU
		{281CE14D-DCEF-494C-8446-601487FCEB51}.Release|Any CPU.ActiveCfg = Release|Any CPU
		{281CE14D-DCEF-494C-8446-601487FCEB51}.Release|Any CPU.Build.0 = Release|Any CPU
		{262B4577-15D9-4C07-A508-1D496EAE3733}.Debug|Any CPU.ActiveCfg = Debug|Any CPU
		{262B4577-15D9-4C07-A508-1D496EAE3733}.Debug|Any CPU.Build.0 = Debug|Any CPU
		{262B4577-15D9-4C07-A508-1D496EAE3733}.Release|Any CPU.ActiveCfg = Release|Any CPU
		{262B4577-15D9-4C07-A508-1D496EAE3733}.Release|Any CPU.Build.0 = Release|Any CPU
		{AC619D72-18AE-4D5C-8ABF-940F96FD010C}.Debug|Any CPU.ActiveCfg = Debug|Any CPU
		{AC619D72-18AE-4D5C-8ABF-940F96FD010C}.Debug|Any CPU.Build.0 = Debug|Any CPU
		{AC619D72-18AE-4D5C-8ABF-940F96FD010C}.Release|Any CPU.ActiveCfg = Release|Any CPU
		{AC619D72-18AE-4D5C-8ABF-940F96FD010C}.Release|Any CPU.Build.0 = Release|Any CPU
		{4F40DEBA-E90C-42B9-BBD3-8B2F0CD26E0C}.Debug|Any CPU.ActiveCfg = Debug|Any CPU
		{4F40DEBA-E90C-42B9-BBD3-8B2F0CD26E0C}.Debug|Any CPU.Build.0 = Debug|Any CPU
		{4F40DEBA-E90C-42B9-BBD3-8B2F0CD26E0C}.Release|Any CPU.ActiveCfg = Release|Any CPU
		{4F40DEBA-E90C-42B9-BBD3-8B2F0CD26E0C}.Release|Any CPU.Build.0 = Release|Any CPU
		{27EF3253-EF96-4F63-BCAE-6C38E1220D53}.Debug|Any CPU.ActiveCfg = Debug|Any CPU
		{27EF3253-EF96-4F63-BCAE-6C38E1220D53}.Debug|Any CPU.Build.0 = Debug|Any CPU
		{27EF3253-EF96-4F63-BCAE-6C38E1220D53}.Release|Any CPU.ActiveCfg = Release|Any CPU
		{27EF3253-EF96-4F63-BCAE-6C38E1220D53}.Release|Any CPU.Build.0 = Release|Any CPU
		{F0DC26A7-14D3-4946-909B-043AD1FFFE1B}.Debug|Any CPU.ActiveCfg = Debug|Any CPU
		{F0DC26A7-14D3-4946-909B-043AD1FFFE1B}.Debug|Any CPU.Build.0 = Debug|Any CPU
		{F0DC26A7-14D3-4946-909B-043AD1FFFE1B}.Release|Any CPU.ActiveCfg = Release|Any CPU
		{F0DC26A7-14D3-4946-909B-043AD1FFFE1B}.Release|Any CPU.Build.0 = Release|Any CPU
		{7B700CCD-47DA-4800-8B24-318944F61F14}.Debug|Any CPU.ActiveCfg = Debug|Any CPU
		{7B700CCD-47DA-4800-8B24-318944F61F14}.Debug|Any CPU.Build.0 = Debug|Any CPU
		{7B700CCD-47DA-4800-8B24-318944F61F14}.Release|Any CPU.ActiveCfg = Release|Any CPU
		{7B700CCD-47DA-4800-8B24-318944F61F14}.Release|Any CPU.Build.0 = Release|Any CPU
	EndGlobalSection
	GlobalSection(SolutionProperties) = preSolution
		HideSolutionNode = FALSE
	EndGlobalSection
	GlobalSection(NestedProjects) = preSolution
		{94F5DA1E-64F9-4058-A344-F23F26341B25} = {8DCAFBE2-8992-4058-A569-AA03F682D5BC}
		{35D326A3-A93B-41DD-BA96-DFBD9353EAA0} = {8DCAFBE2-8992-4058-A569-AA03F682D5BC}
		{E3574D94-B96A-42DE-A95C-F2F767D97019} = {8DCAFBE2-8992-4058-A569-AA03F682D5BC}
		{281CE14D-DCEF-494C-8446-601487FCEB51} = {94F5DA1E-64F9-4058-A344-F23F26341B25}
		{262B4577-15D9-4C07-A508-1D496EAE3733} = {94F5DA1E-64F9-4058-A344-F23F26341B25}
		{AC619D72-18AE-4D5C-8ABF-940F96FD010C} = {35D326A3-A93B-41DD-BA96-DFBD9353EAA0}
		{4F40DEBA-E90C-42B9-BBD3-8B2F0CD26E0C} = {E3574D94-B96A-42DE-A95C-F2F767D97019}
		{618ADB61-9A7B-440E-8C4A-73497B4191DA} = {8DCAFBE2-8992-4058-A569-AA03F682D5BC}
		{27EF3253-EF96-4F63-BCAE-6C38E1220D53} = {6C840455-D23F-4970-B403-1BB214C215CF}
		{F0DC26A7-14D3-4946-909B-043AD1FFFE1B} = {704A0DAC-7BBF-455A-AFB7-BF6C9D76CD8E}
		{7B700CCD-47DA-4800-8B24-318944F61F14} = {618ADB61-9A7B-440E-8C4A-73497B4191DA}
	EndGlobalSection
	GlobalSection(ExtensibilityGlobals) = postSolution
		SolutionGuid = {B5D7BC35-BA70-409A-AB80-DE8C1CA09AC0}
	EndGlobalSection
EndGlobal
